{
  "name": "miniprogram",
  "lockfileVersion": 2,
  "requires": true,
  "packages": {
    "": {
      "dependencies": {
        "@vant/weapp": "^1.11.1",
        "tdesign-miniprogram": "^1.2.3",
        "three-platformize": "^1.133.3"
      },
      "devDependencies": {
        "typescript": "^5.3.2"
      }
    },
    "node_modules/@types/three": {
      "version": "0.133.1",
      "resolved": "https://registry.npmmirror.com/@types/three/-/three-0.133.1.tgz",
      "integrity": "sha512-XqBrP/+kbs+o0CYRhCVVE95v7FaL2bO5Z7+3VQJE0nEyjo+9LoLfeNgZITOnndKHxM+7ltEciAIR7uE0SZlsOg=="
    },
    "node_modules/@vant/weapp": {
      "version": "1.11.1",
      "resolved": "https://registry.npmmirror.com/@vant/weapp/-/weapp-1.11.1.tgz",
      "integrity": "sha512-2QddSq3MsozbTBAgEmW1rhzsEJNWPF2VS427M5pOOn0a7/f6lW+tymwdTcOQCzQONavhFwBv6Lebbs/UjE3Yig=="
    },
    "node_modules/dayjs": {
      "version": "1.11.10",
      "resolved": "https://registry.npmmirror.com/dayjs/-/dayjs-1.11.10.tgz",
      "integrity": "sha512-vjAczensTgRcqDERK0SR2XMwsF/tSvnvlv6VcF2GIhg6Sx4yOIt/irsr1RDJsKiIyBzJDpCoXiWWq28MqH2cnQ=="
    },
    "node_modules/tdesign-miniprogram": {
      "version": "1.2.3",
      "resolved": "https://registry.npmmirror.com/tdesign-miniprogram/-/tdesign-miniprogram-1.2.3.tgz",
      "integrity": "sha512-hT10cp9lw1heQ5JL7vKWcQX+4fpZpF06kZB0bOf3wCggVGr9jbgGtjSw+gn//kO6CLJBNnKIHfkTs9AYDwo5WA==",
      "dependencies": {
        "dayjs": "^1.10.7"
      }
    },
    "node_modules/three-platformize": {
      "version": "1.133.3",
      "resolved": "https://registry.npmmirror.com/three-platformize/-/three-platformize-1.133.3.tgz",
      "integrity": "sha512-fb7lxtMU/ZSX+JZBrpZVJhK0yYc+ozcLAqEhqXXngrZWrSYUHyOeMpS9vfkmFVr+Jx2nzvvGxrf0OcGzY8Y4vA==",
      "dependencies": {
        "@types/three": "^0.133.0"
      }
    },
    "node_modules/typescript": {
      "version": "5.3.2",
      "resolved": "https://registry.npmmirror.com/typescript/-/typescript-5.3.2.tgz",
      "integrity": "sha512-6l+RyNy7oAHDfxC4FzSJcz9vnjTKxrLpDG5M2Vu4SHRVNg6xzqZp6LYSR9zjqQTu8DU/f5xwxUdADOkbrIX2gQ==",
      "dev": true,
      "bin": {
        "tsc": "bin/tsc",
        "tsserver": "bin/tsserver"
      },
      "engines": {
        "node": ">=14.17"
      }
    }
  },
  "dependencies": {
    "@types/three": {
      "version": "0.133.1",
      "resolved": "https://registry.npmmirror.com/@types/three/-/three-0.133.1.tgz",
      "integrity": "sha512-XqBrP/+kbs+o0CYRhCVVE95v7FaL2bO5Z7+3VQJE0nEyjo+9LoLfeNgZITOnndKHxM+7ltEciAIR7uE0SZlsOg=="
    },
    "@vant/weapp": {
      "version": "1.11.1",
      "resolved": "https://registry.npmmirror.com/@vant/weapp/-/weapp-1.11.1.tgz",
      "integrity": "sha512-2QddSq3MsozbTBAgEmW1rhzsEJNWPF2VS427M5pOOn0a7/f6lW+tymwdTcOQCzQONavhFwBv6Lebbs/UjE3Yig=="
    },
    "dayjs": {
      "version": "1.11.10",
      "resolved": "https://registry.npmmirror.com/dayjs/-/dayjs-1.11.10.tgz",
      "integrity": "sha512-vjAczensTgRcqDERK0SR2XMwsF/tSvnvlv6VcF2GIhg6Sx4yOIt/irsr1RDJsKiIyBzJDpCoXiWWq28MqH2cnQ=="
    },
    "tdesign-miniprogram": {
      "version": "1.2.3",
      "resolved": "https://registry.npmmirror.com/tdesign-miniprogram/-/tdesign-miniprogram-1.2.3.tgz",
      "integrity": "sha512-hT10cp9lw1heQ5JL7vKWcQX+4fpZpF06kZB0bOf3wCggVGr9jbgGtjSw+gn//kO6CLJBNnKIHfkTs9AYDwo5WA==",
      "requires": {
        "dayjs": "^1.10.7"
      }
    },
    "three-platformize": {
      "version": "1.133.3",
      "resolved": "https://registry.npmmirror.com/three-platformize/-/three-platformize-1.133.3.tgz",
      "integrity": "sha512-fb7lxtMU/ZSX+JZBrpZVJhK0yYc+ozcLAqEhqXXngrZWrSYUHyOeMpS9vfkmFVr+Jx2nzvvGxrf0OcGzY8Y4vA==",
      "requires": {
        "@types/three": "^0.133.0"
      }
    },
    "typescript": {
      "version": "5.3.2",
      "resolved": "https://registry.npmmirror.com/typescript/-/typescript-5.3.2.tgz",
      "integrity": "sha512-6l+RyNy7oAHDfxC4FzSJcz9vnjTKxrLpDG5M2Vu4SHRVNg6xzqZp6LYSR9zjqQTu8DU/f5xwxUdADOkbrIX2gQ==",
      "dev": true
    }
  }
}
