# THIS IS AN AUTOGENERATED FILE. DO NOT EDIT THIS FILE DIRECTLY.
# yarn lockfile v1


"@types/three@^0.133.0":
  version "0.133.1"
  resolved "https://registry.npmmirror.com/@types/three/-/three-0.133.1.tgz#6007faaf7f6b53339150a2a1fe57121e4c6607c1"
  integrity sha512-XqBrP/+kbs+o0CYRhCVVE95v7FaL2bO5Z7+3VQJE0nEyjo+9LoLfeNgZITOnndKHxM+7ltEciAIR7uE0SZlsOg==

"@vant/weapp@^1.11.1":
  version "1.11.1"
  resolved "https://registry.npmmirror.com/@vant/weapp/-/weapp-1.11.1.tgz#26d3196751bb3602b2801554bac346d42d2e88b7"
  integrity sha512-2QddSq3MsozbTBAgEmW1rhzsEJNWPF2VS427M5pOOn0a7/f6lW+tymwdTcOQCzQONavhFwBv6Lebbs/UjE3Yig==

dayjs@^1.10.7:
  version "1.11.10"
  resolved "https://registry.npmmirror.com/dayjs/-/dayjs-1.11.10.tgz#68acea85317a6e164457d6d6947564029a6a16a0"
  integrity sha512-vjAczensTgRcqDERK0SR2XMwsF/tSvnvlv6VcF2GIhg6Sx4yOIt/irsr1RDJsKiIyBzJDpCoXiWWq28MqH2cnQ==

tdesign-miniprogram@^1.2.3:
  version "1.2.4"
  resolved "https://registry.npmmirror.com/tdesign-miniprogram/-/tdesign-miniprogram-1.2.4.tgz#a28429a875e3f3feaef5295d7439ab0ce092d4ba"
  integrity sha512-T3tKPlRT3X2nJnCuQ7O9DXwGn01V8tMmuD54WJt/qDdRYoAF3USuYNqwTJTHYnozRW8JzECeXO6zjmLUwcMdzw==
  dependencies:
    dayjs "^1.10.7"

three-platformize@^1.133.3:
  version "1.133.3"
  resolved "https://registry.npmmirror.com/three-platformize/-/three-platformize-1.133.3.tgz#a6de3c432898d633bc038975b78078811fa5fa80"
  integrity sha512-fb7lxtMU/ZSX+JZBrpZVJhK0yYc+ozcLAqEhqXXngrZWrSYUHyOeMpS9vfkmFVr+Jx2nzvvGxrf0OcGzY8Y4vA==
  dependencies:
    "@types/three" "^0.133.0"

typescript@^5.3.2:
  version "5.3.2"
  resolved "https://registry.npmmirror.com/typescript/-/typescript-5.3.2.tgz#00d1c7c1c46928c5845c1ee8d0cc2791031d4c43"
  integrity sha512-6l+RyNy7oAHDfxC4FzSJcz9vnjTKxrLpDG5M2Vu4SHRVNg6xzqZp6LYSR9zjqQTu8DU/f5xwxUdADOkbrIX2gQ==
